{
    "name": "boilerplate-code-django-dashboard",
    "version": "2stable.0.1",
    "lockfileVersion": 2,
    "requires": true,
    "packages": {
        "": {
            "name": "boilerplate-code-django-dashboard",
            "version": "2stable.0.1",
            "dependencies": {
                "smartwizard": "^6.0.6"
            },
            "devDependencies": {},
            "engines": {
                "node": ">=10.0.0"
            }
        },
        "node_modules/smartwizard": {
            "version": "6.0.6",
            "resolved": "https://registry.npmjs.org/smartwizard/-/smartwizard-6.0.6.tgz",
            "integrity": "sha512-avdXqjgoMGsP2AqHhOPTZ8HYqz1yv3ceb+xOGGgJNCaWiEHdCiySbBQivzDL+XfeDP4xkyTAJVcf+zy8FlM1WQ=="
        }
    },
    "dependencies": {
        "smartwizard": {
            "version": "6.0.6",
            "resolved": "https://registry.npmjs.org/smartwizard/-/smartwizard-6.0.6.tgz",
            "integrity": "sha512-avdXqjgoMGsP2AqHhOPTZ8HYqz1yv3ceb+xOGGgJNCaWiEHdCiySbBQivzDL+XfeDP4xkyTAJVcf+zy8FlM1WQ=="
        }
    }
}
